#MicroXplorer Configuration settings - do not modify
Mcu.Family=STM32F0
VP_RTC_VS_RTC_Activate.Signal=RTC_VS_RTC_Activate
PA6.GPIOParameters=GPIO_PuPd
NVIC.FLASH_IRQn=true\:0\:0\:false\:false\:true\:true\:true
ProjectManager.MainLocation=Core/Src
RCC.USART1Freq_Value=48000000
ProjectManager.ProjectFileName=CZ201E_HW_V1.00.ioc
ProjectManager.KeepUserCode=true
Mcu.UserName=STM32F030F4Px
Mcu.PinsNb=15
ProjectManager.NoMain=false
PA10.GPIO_PuPd=GPIO_PULLDOWN
USART1.BaudRate=115200
RCC.PLLCLKFreq_Value=48000000
ProjectManager.functionlistsort=1-MX_GPIO_Init-GPIO-false-HAL-true,2-SystemClock_Config-RCC-false-HAL-false,3-MX_USART1_UART_Init-USART1-false-HAL-true,4-MX_RTC_Init-RTC-false-HAL-true
PA9.GPIOParameters=GPIO_PuPd
VP_RTC_VS_RTC_Activate.Mode=RTC_Enabled
ProjectManager.DefaultFWLocation=true
NVIC.SVC_IRQn=true\:0\:0\:false\:false\:true\:false\:false
ProjectManager.DeletePrevious=true
USART1.IPParameters=VirtualMode-Asynchronous,BaudRate
PA9.GPIO_PuPd=GPIO_PULLUP
PinOutPanel.RotationAngle=0
RCC.FamilyName=M
RCC.SYSCLKSource=RCC_SYSCLKSOURCE_PLLCLK
ProjectManager.StackSize=0x400
USART1.VirtualMode-Asynchronous=VM_ASYNC
PA3.Mode=Asynchronous
PA13.Signal=SYS_SWDIO
Mcu.IP4=USART1
RCC.FCLKCortexFreq_Value=48000000
Mcu.IP2=RTC
Mcu.IP3=SYS
Mcu.IP0=NVIC
Mcu.IP1=RCC
PA4.PinState=GPIO_PIN_SET
Mcu.UserConstants=
PA7.PinState=GPIO_PIN_RESET
ProjectManager.TargetToolchain=TrueSTUDIO
Mcu.ThirdPartyNb=0
PB1.GPIO_PuPd=GPIO_PULLUP
RCC.HCLKFreq_Value=48000000
Mcu.IPNb=5
ProjectManager.PreviousToolchain=TrueSTUDIO
PA9.Signal=GPIO_Input
Mcu.Pin6=PA6
Mcu.Pin7=PA7
ProjectManager.RegisterCallBack=
Mcu.Pin8=PB1
Mcu.Pin9=PA9
PA1.GPIO_PuPd=GPIO_PULLUP
PA1.Signal=GPIO_Output
PA7.GPIO_PuPd=GPIO_PULLDOWN
RCC.AHBFreq_Value=48000000
Mcu.Pin0=PA0
PB1.Locked=true
Mcu.Pin1=PA1
GPIO.groupedBy=Show All
Mcu.Pin2=PA2
Mcu.Pin3=PA3
Mcu.Pin4=PA4
Mcu.Pin5=PA5
PA5.Signal=GPIO_Output
ProjectManager.ProjectBuild=false
PA0.Locked=true
PA4.GPIO_PuPd=GPIO_PULLUP
board=custom
PA4.Locked=true
NVIC.SysTick_IRQn=true\:0\:0\:false\:false\:true\:false\:true
ProjectManager.LastFirmware=true
RCC.PLLMUL=RCC_PLL_MUL12
ProjectManager.FirmwarePackage=STM32Cube FW_F0 V1.11.2
MxDb.Version=DB.6.0.10
PA6.GPIO_PuPd=GPIO_PULLUP
PA1.GPIOParameters=PinState,GPIO_PuPd,GPIO_ModeDefaultOutputPP
ProjectManager.BackupPrevious=false
MxCube.Version=6.1.2
PA14.Mode=Serial_Wire
File.Version=6
PA10.GPIOParameters=GPIO_PuPd
VP_SYS_VS_Systick.Mode=SysTick
PA9.Locked=true
NVIC.NonMaskableInt_IRQn=true\:0\:0\:false\:false\:true\:false\:false
PA4.GPIOParameters=PinState,GPIO_PuPd,GPIO_ModeDefaultOutputPP
NVIC.PendSV_IRQn=true\:0\:0\:false\:false\:true\:false\:false
PA13.Mode=Serial_Wire
ProjectManager.FreePins=false
RCC.IPParameters=AHBFreq_Value,APB1Freq_Value,APB1TimFreq_Value,FCLKCortexFreq_Value,FamilyName,HCLKFreq_Value,PLLCLKFreq_Value,PLLMUL,SYSCLKFreq_VALUE,SYSCLKSource,TimSysFreq_Value,USART1Freq_Value
ProjectManager.AskForMigrate=true
Mcu.Name=STM32F030F4Px
ProjectManager.HalAssertFull=false
PA2.Signal=USART1_TX
ProjectManager.ProjectName=CZ201E_HW_V1.00
ProjectManager.UnderRoot=true
PA0.Signal=GPIO_Output
ProjectManager.CoupleFile=true
PA4.Signal=GPIO_Output
RCC.SYSCLKFreq_VALUE=48000000
Mcu.Package=TSSOP20
PB1.Signal=GPIO_Input
PA6.Signal=GPIO_Input
RCC.TimSysFreq_Value=48000000
PA1.Locked=true
PA5.Locked=true
PA7.Locked=true
PA10.Locked=true
NVIC.ForceEnableDMAVector=true
KeepUserPlacement=false
ProjectManager.CompilerOptimize=6
PA0.GPIO_PuPd=GPIO_PULLUP
ProjectManager.ToolChainLocation=
VP_SYS_VS_Systick.Signal=SYS_VS_Systick
PA10.Signal=GPIO_Output
PA14.Signal=SYS_SWCLK
ProjectManager.HeapSize=0x200
PA0.GPIOParameters=GPIO_PuPd
NVIC.HardFault_IRQn=true\:0\:0\:false\:false\:true\:false\:false
PA1.PinState=GPIO_PIN_SET
Mcu.Pin13=VP_RTC_VS_RTC_Activate
Mcu.Pin14=VP_SYS_VS_Systick
PA4.GPIO_ModeDefaultOutputPP=GPIO_MODE_OUTPUT_PP
ProjectManager.ComputerToolchain=false
Mcu.Pin11=PA13
Mcu.Pin12=PA14
Mcu.Pin10=PA10
RCC.APB1TimFreq_Value=48000000
PA2.Mode=Asynchronous
NVIC.USART1_IRQn=true\:0\:0\:false\:false\:true\:true\:true
RCC.APB1Freq_Value=48000000
PA7.GPIOParameters=PinState,GPIO_PuPd
ProjectManager.CustomerFirmwarePackage=
ProjectManager.DeviceId=STM32F030F4Px
ProjectManager.LibraryCopy=1
PA3.Signal=USART1_RX
PB1.GPIOParameters=GPIO_PuPd
PA7.Signal=GPIO_Output
PA1.GPIO_ModeDefaultOutputPP=GPIO_MODE_OUTPUT_PP
PA6.Locked=true
